
Microsoft Visual Studio Solution File, Format Version 12.00
# Visual Studio Version 17
VisualStudioVersion = 17.9.34714.143
MinimumVisualStudioVersion = 10.0.40219.1
Project("{FAE04EC0-301F-11D3-BF4B-00C04F79EFBC}") = "MyFirstWebAPPWithAngular", "MyFirstWebAPPWithAngular\MyFirstWebAPPWithAngular.csproj", "{B5F51A11-48F3-4188-9113-B1F760DDA813}"
EndProject
Global
	GlobalSection(SolutionConfigurationPlatforms) = preSolution
		Debug|Any CPU = Debug|Any CPU
		Release|Any CPU = Release|Any CPU
	EndGlobalSection
	GlobalSection(ProjectConfigurationPlatforms) = postSolution
		{B5F51A11-48F3-4188-9113-B1F760DDA813}.Debug|Any CPU.ActiveCfg = Debug|Any CPU
		{B5F51A11-48F3-4188-9113-B1F760DDA813}.Debug|Any CPU.Build.0 = Debug|Any CPU
		{B5F51A11-48F3-4188-9113-B1F760DDA813}.Release|Any CPU.ActiveCfg = Release|Any CPU
		{B5F51A11-48F3-4188-9113-B1F760DDA813}.Release|Any CPU.Build.0 = Release|Any CPU
	EndGlobalSection
	GlobalSection(SolutionProperties) = preSolution
		HideSolutionNode = FALSE
	EndGlobalSection
	GlobalSection(ExtensibilityGlobals) = postSolution
		SolutionGuid = {CFBB1BA3-3057-4318-B6E8-A7C040162E4C}
	EndGlobalSection
EndGlobal
